// !$*UTF8*$!
{
	archiveVersion = 1;
	classes = {
	};
	objectVersion = 46;
	objects = {

/* Begin PBXBuildFile section */
		AB04E3EC1C5FD3DE00089D03 /* BinarySearch.c in Sources */ = {isa = PBXBuildFile; fileRef = AB04E3EA1C5FD3DE00089D03 /* BinarySearch.c */; };
		AB1B007D1D8E155300146D71 /* InsertionSort.c in Sources */ = {isa = PBXBuildFile; fileRef = AB1B007B1D8E155300146D71 /* InsertionSort.c */; };
		AB250EF31C5BA4830051EF90 /* main.c in Sources */ = {isa = PBXBuildFile; fileRef = AB250EF21C5BA4830051EF90 /* main.c */; };
		AB46E66A1C9EECCC0037A02A /* IPLookup.c in Sources */ = {isa = PBXBuildFile; fileRef = AB46E6681C9EECCC0037A02A /* IPLookup.c */; };
		AB7661D11C64B9A10015E44B /* ArrayStack.c in Sources */ = {isa = PBXBuildFile; fileRef = AB7661CF1C64B9A10015E44B /* ArrayStack.c */; };
		AB7691181C9887E100183960 /* QuickSort.c in Sources */ = {isa = PBXBuildFile; fileRef = AB7691161C9887E100183960 /* QuickSort.c */; };
		AB9F2D2E1C9C37C8003D0945 /* ShellSort.c in Sources */ = {isa = PBXBuildFile; fileRef = AB9F2D2C1C9C37C8003D0945 /* ShellSort.c */; };
		ABADA2AE1C5D912B005311CC /* BubbleSort.c in Sources */ = {isa = PBXBuildFile; fileRef = ABADA2AC1C5D912B005311CC /* BubbleSort.c */; };
		ABB0118F1C5ED0E900F181E0 /* StirlingsApproximation.c in Sources */ = {isa = PBXBuildFile; fileRef = ABB0118D1C5ED0E900F181E0 /* StirlingsApproximation.c */; };
		ABB778591C5E465100159F0B /* EuclideansAlgorithm.c in Sources */ = {isa = PBXBuildFile; fileRef = ABB778571C5E465100159F0B /* EuclideansAlgorithm.c */; };
		ABED4E811C621BD100FEAE9D /* Stack.c in Sources */ = {isa = PBXBuildFile; fileRef = ABED4E7F1C621BD100FEAE9D /* Stack.c */; };
		ABF0A0A91C63C52500EFE594 /* CaesarCipher.c in Sources */ = {isa = PBXBuildFile; fileRef = ABF0A0A71C63C52500EFE594 /* CaesarCipher.c */; };
		ABF0A0AC1C63C5E500EFE594 /* Queue.c in Sources */ = {isa = PBXBuildFile; fileRef = ABF0A0AA1C63C5E500EFE594 /* Queue.c */; };
		ABF4CD581C7B2B8F00938855 /* Bag.c in Sources */ = {isa = PBXBuildFile; fileRef = ABF4CD561C7B2B8F00938855 /* Bag.c */; };
		ABFCEB861C601FF800986F65 /* SelectionSort.c in Sources */ = {isa = PBXBuildFile; fileRef = ABFCEB841C601FF800986F65 /* SelectionSort.c */; };
/* End PBXBuildFile section */

/* Begin PBXCopyFilesBuildPhase section */
		AB250EED1C5BA4830051EF90 /* CopyFiles */ = {
			isa = PBXCopyFilesBuildPhase;
			buildActionMask = 2147483647;
			dstPath = /usr/share/man/man1/;
			dstSubfolderSpec = 0;
			files = (
			);
			runOnlyForDeploymentPostprocessing = 1;
		};
/* End PBXCopyFilesBuildPhase section */

/* Begin PBXFileReference section */
		AB04E3EA1C5FD3DE00089D03 /* BinarySearch.c */ = {isa = PBXFileReference; fileEncoding = 4; lastKnownFileType = sourcecode.c.c; path = BinarySearch.c; sourceTree = "<group>"; };
		AB04E3EB1C5FD3DE00089D03 /* BinarySearch.h */ = {isa = PBXFileReference; fileEncoding = 4; lastKnownFileType = sourcecode.c.h; path = BinarySearch.h; sourceTree = "<group>"; };
		AB1B007B1D8E155300146D71 /* InsertionSort.c */ = {isa = PBXFileReference; fileEncoding = 4; lastKnownFileType = sourcecode.c.c; path = InsertionSort.c; sourceTree = "<group>"; };
		AB1B007C1D8E155300146D71 /* InsertionSort.h */ = {isa = PBXFileReference; fileEncoding = 4; lastKnownFileType = sourcecode.c.h; path = InsertionSort.h; sourceTree = "<group>"; };
		AB250EEF1C5BA4830051EF90 /* AlgorithmLibC */ = {isa = PBXFileReference; explicitFileType = "compiled.mach-o.executable"; includeInIndex = 0; path = AlgorithmLibC; sourceTree = BUILT_PRODUCTS_DIR; };
		AB250EF21C5BA4830051EF90 /* main.c */ = {isa = PBXFileReference; lastKnownFileType = sourcecode.c.c; path = main.c; sourceTree = "<group>"; };
		AB46E6681C9EECCC0037A02A /* IPLookup.c */ = {isa = PBXFileReference; fileEncoding = 4; lastKnownFileType = sourcecode.c.c; path = IPLookup.c; sourceTree = "<group>"; };
		AB46E6691C9EECCC0037A02A /* IPLookup.h */ = {isa = PBXFileReference; fileEncoding = 4; lastKnownFileType = sourcecode.c.h; path = IPLookup.h; sourceTree = "<group>"; };
		AB7661CF1C64B9A10015E44B /* ArrayStack.c */ = {isa = PBXFileReference; fileEncoding = 4; lastKnownFileType = sourcecode.c.c; path = ArrayStack.c; sourceTree = "<group>"; };
		AB7661D01C64B9A10015E44B /* ArrayStack.h */ = {isa = PBXFileReference; fileEncoding = 4; lastKnownFileType = sourcecode.c.h; path = ArrayStack.h; sourceTree = "<group>"; };
		AB7691161C9887E100183960 /* QuickSort.c */ = {isa = PBXFileReference; fileEncoding = 4; lastKnownFileType = sourcecode.c.c; path = QuickSort.c; sourceTree = "<group>"; };
		AB7691171C9887E100183960 /* QuickSort.h */ = {isa = PBXFileReference; fileEncoding = 4; lastKnownFileType = sourcecode.c.h; path = QuickSort.h; sourceTree = "<group>"; };
		AB9F2D2C1C9C37C8003D0945 /* ShellSort.c */ = {isa = PBXFileReference; fileEncoding = 4; lastKnownFileType = sourcecode.c.c; path = ShellSort.c; sourceTree = "<group>"; };
		AB9F2D2D1C9C37C8003D0945 /* ShellSort.h */ = {isa = PBXFileReference; fileEncoding = 4; lastKnownFileType = sourcecode.c.h; path = ShellSort.h; sourceTree = "<group>"; };
		ABADA2AC1C5D912B005311CC /* BubbleSort.c */ = {isa = PBXFileReference; fileEncoding = 4; lastKnownFileType = sourcecode.c.c; path = BubbleSort.c; sourceTree = "<group>"; };
		ABADA2AD1C5D912B005311CC /* BubbleSort.h */ = {isa = PBXFileReference; fileEncoding = 4; lastKnownFileType = sourcecode.c.h; path = BubbleSort.h; sourceTree = "<group>"; };
		ABB0118D1C5ED0E900F181E0 /* StirlingsApproximation.c */ = {isa = PBXFileReference; fileEncoding = 4; lastKnownFileType = sourcecode.c.c; path = StirlingsApproximation.c; sourceTree = "<group>"; };
		ABB0118E1C5ED0E900F181E0 /* StirlingsApproximation.h */ = {isa = PBXFileReference; fileEncoding = 4; lastKnownFileType = sourcecode.c.h; path = StirlingsApproximation.h; sourceTree = "<group>"; };
		ABB778571C5E465100159F0B /* EuclideansAlgorithm.c */ = {isa = PBXFileReference; fileEncoding = 4; lastKnownFileType = sourcecode.c.c; path = EuclideansAlgorithm.c; sourceTree = "<group>"; };
		ABB778581C5E465100159F0B /* EuclideansAlgorithm.h */ = {isa = PBXFileReference; fileEncoding = 4; lastKnownFileType = sourcecode.c.h; path = EuclideansAlgorithm.h; sourceTree = "<group>"; };
		ABED4E7F1C621BD100FEAE9D /* Stack.c */ = {isa = PBXFileReference; fileEncoding = 4; lastKnownFileType = sourcecode.c.c; path = Stack.c; sourceTree = "<group>"; };
		ABED4E801C621BD100FEAE9D /* Stack.h */ = {isa = PBXFileReference; fileEncoding = 4; lastKnownFileType = sourcecode.c.h; path = Stack.h; sourceTree = "<group>"; };
		ABF0A0A71C63C52500EFE594 /* CaesarCipher.c */ = {isa = PBXFileReference; fileEncoding = 4; lastKnownFileType = sourcecode.c.c; path = CaesarCipher.c; sourceTree = "<group>"; };
		ABF0A0A81C63C52500EFE594 /* CaesarCipher.h */ = {isa = PBXFileReference; fileEncoding = 4; lastKnownFileType = sourcecode.c.h; path = CaesarCipher.h; sourceTree = "<group>"; };
		ABF0A0AA1C63C5E500EFE594 /* Queue.c */ = {isa = PBXFileReference; fileEncoding = 4; lastKnownFileType = sourcecode.c.c; path = Queue.c; sourceTree = "<group>"; };
		ABF0A0AB1C63C5E500EFE594 /* Queue.h */ = {isa = PBXFileReference; fileEncoding = 4; lastKnownFileType = sourcecode.c.h; path = Queue.h; sourceTree = "<group>"; };
		ABF4CD561C7B2B8F00938855 /* Bag.c */ = {isa = PBXFileReference; fileEncoding = 4; lastKnownFileType = sourcecode.c.c; path = Bag.c; sourceTree = "<group>"; };
		ABF4CD571C7B2B8F00938855 /* Bag.h */ = {isa = PBXFileReference; fileEncoding = 4; lastKnownFileType = sourcecode.c.h; path = Bag.h; sourceTree = "<group>"; };
		ABFCEB841C601FF800986F65 /* SelectionSort.c */ = {isa = PBXFileReference; fileEncoding = 4; lastKnownFileType = sourcecode.c.c; path = SelectionSort.c; sourceTree = "<group>"; };
		ABFCEB851C601FF800986F65 /* SelectionSort.h */ = {isa = PBXFileReference; fileEncoding = 4; lastKnownFileType = sourcecode.c.h; path = SelectionSort.h; sourceTree = "<group>"; };
/* End PBXFileReference section */

/* Begin PBXFrameworksBuildPhase section */
		AB250EEC1C5BA4830051EF90 /* Frameworks */ = {
			isa = PBXFrameworksBuildPhase;
			buildActionMask = 2147483647;
			files = (
			);
			runOnlyForDeploymentPostprocessing = 0;
		};
/* End PBXFrameworksBuildPhase section */

/* Begin PBXGroup section */
		AB250EE61C5BA4830051EF90 = {
			isa = PBXGroup;
			children = (
				AB250EF11C5BA4830051EF90 /* AlgorithmLibC */,
				AB250EF01C5BA4830051EF90 /* Products */,
			);
			sourceTree = "<group>";
		};
		AB250EF01C5BA4830051EF90 /* Products */ = {
			isa = PBXGroup;
			children = (
				AB250EEF1C5BA4830051EF90 /* AlgorithmLibC */,
			);
			name = Products;
			sourceTree = "<group>";
		};
		AB250EF11C5BA4830051EF90 /* AlgorithmLibC */ = {
			isa = PBXGroup;
			children = (
				ABF0A0A61C63C50300EFE594 /* Cryptography */,
				ABED4E7D1C621B8C00FEAE9D /* Math */,
				ABED4E7C1C621B7800FEAE9D /* Searching */,
				ABED4E7B1C621B5400FEAE9D /* Sorting */,
				ABED4E7E1C621B9D00FEAE9D /* Structures */,
				AB46E6671C9EEC830037A02A /* Util */,
				AB250EF21C5BA4830051EF90 /* main.c */,
			);
			path = AlgorithmLibC;
			sourceTree = "<group>";
		};
		AB46E6671C9EEC830037A02A /* Util */ = {
			isa = PBXGroup;
			children = (
				AB46E6681C9EECCC0037A02A /* IPLookup.c */,
				AB46E6691C9EECCC0037A02A /* IPLookup.h */,
			);
			name = Util;
			sourceTree = "<group>";
		};
		ABED4E7B1C621B5400FEAE9D /* Sorting */ = {
			isa = PBXGroup;
			children = (
				ABADA2AC1C5D912B005311CC /* BubbleSort.c */,
				ABADA2AD1C5D912B005311CC /* BubbleSort.h */,
				ABFCEB841C601FF800986F65 /* SelectionSort.c */,
				ABFCEB851C601FF800986F65 /* SelectionSort.h */,
				AB7691161C9887E100183960 /* QuickSort.c */,
				AB7691171C9887E100183960 /* QuickSort.h */,
				AB9F2D2C1C9C37C8003D0945 /* ShellSort.c */,
				AB9F2D2D1C9C37C8003D0945 /* ShellSort.h */,
				AB1B007B1D8E155300146D71 /* InsertionSort.c */,
				AB1B007C1D8E155300146D71 /* InsertionSort.h */,
			);
			name = Sorting;
			sourceTree = "<group>";
		};
		ABED4E7C1C621B7800FEAE9D /* Searching */ = {
			isa = PBXGroup;
			children = (
				AB04E3EA1C5FD3DE00089D03 /* BinarySearch.c */,
				AB04E3EB1C5FD3DE00089D03 /* BinarySearch.h */,
			);
			name = Searching;
			sourceTree = "<group>";
		};
		ABED4E7D1C621B8C00FEAE9D /* Math */ = {
			isa = PBXGroup;
			children = (
				ABB778571C5E465100159F0B /* EuclideansAlgorithm.c */,
				ABB778581C5E465100159F0B /* EuclideansAlgorithm.h */,
				ABB0118D1C5ED0E900F181E0 /* StirlingsApproximation.c */,
				ABB0118E1C5ED0E900F181E0 /* StirlingsApproximation.h */,
			);
			name = Math;
			sourceTree = "<group>";
		};
		ABED4E7E1C621B9D00FEAE9D /* Structures */ = {
			isa = PBXGroup;
			children = (
				AB7661CF1C64B9A10015E44B /* ArrayStack.c */,
				AB7661D01C64B9A10015E44B /* ArrayStack.h */,
				ABED4E7F1C621BD100FEAE9D /* Stack.c */,
				ABED4E801C621BD100FEAE9D /* Stack.h */,
				ABF0A0AA1C63C5E500EFE594 /* Queue.c */,
				ABF0A0AB1C63C5E500EFE594 /* Queue.h */,
				ABF4CD561C7B2B8F00938855 /* Bag.c */,
				ABF4CD571C7B2B8F00938855 /* Bag.h */,
			);
			name = Structures;
			sourceTree = "<group>";
		};
		ABF0A0A61C63C50300EFE594 /* Cryptography */ = {
			isa = PBXGroup;
			children = (
				ABF0A0A71C63C52500EFE594 /* CaesarCipher.c */,
				ABF0A0A81C63C52500EFE594 /* CaesarCipher.h */,
			);
			name = Cryptography;
			sourceTree = "<group>";
		};
/* End PBXGroup section */

/* Begin PBXNativeTarget section */
		AB250EEE1C5BA4830051EF90 /* AlgorithmLibC */ = {
			isa = PBXNativeTarget;
			buildConfigurationList = AB250EF61C5BA4830051EF90 /* Build configuration list for PBXNativeTarget "AlgorithmLibC" */;
			buildPhases = (
				AB250EEB1C5BA4830051EF90 /* Sources */,
				AB250EEC1C5BA4830051EF90 /* Frameworks */,
				AB250EED1C5BA4830051EF90 /* CopyFiles */,
			);
			buildRules = (
			);
			dependencies = (
			);
			name = AlgorithmLibC;
			productName = AlgorithmLibC;
			productReference = AB250EEF1C5BA4830051EF90 /* AlgorithmLibC */;
			productType = "com.apple.product-type.tool";
		};
/* End PBXNativeTarget section */

/* Begin PBXProject section */
		AB250EE71C5BA4830051EF90 /* Project object */ = {
			isa = PBXProject;
			attributes = {
				LastUpgradeCheck = 0720;
				ORGANIZATIONNAME = "Oskar Mendel";
				TargetAttributes = {
					AB250EEE1C5BA4830051EF90 = {
						CreatedOnToolsVersion = 7.2;
					};
				};
			};
			buildConfigurationList = AB250EEA1C5BA4830051EF90 /* Build configuration list for PBXProject "AlgorithmLibC" */;
			compatibilityVersion = "Xcode 3.2";
			developmentRegion = English;
			hasScannedForEncodings = 0;
			knownRegions = (
				en,
			);
			mainGroup = AB250EE61C5BA4830051EF90;
			productRefGroup = AB250EF01C5BA4830051EF90 /* Products */;
			projectDirPath = "";
			projectRoot = "";
			targets = (
				AB250EEE1C5BA4830051EF90 /* AlgorithmLibC */,
			);
		};
/* End PBXProject section */

/* Begin PBXSourcesBuildPhase section */
		AB250EEB1C5BA4830051EF90 /* Sources */ = {
			isa = PBXSourcesBuildPhase;
			buildActionMask = 2147483647;
			files = (
				ABF4CD581C7B2B8F00938855 /* Bag.c in Sources */,
				AB1B007D1D8E155300146D71 /* InsertionSort.c in Sources */,
				AB7691181C9887E100183960 /* QuickSort.c in Sources */,
				ABF0A0AC1C63C5E500EFE594 /* Queue.c in Sources */,
				ABFCEB861C601FF800986F65 /* SelectionSort.c in Sources */,
				AB9F2D2E1C9C37C8003D0945 /* ShellSort.c in Sources */,
				AB7661D11C64B9A10015E44B /* ArrayStack.c in Sources */,
				ABF0A0A91C63C52500EFE594 /* CaesarCipher.c in Sources */,
				AB04E3EC1C5FD3DE00089D03 /* BinarySearch.c in Sources */,
				AB46E66A1C9EECCC0037A02A /* IPLookup.c in Sources */,
				ABB778591C5E465100159F0B /* EuclideansAlgorithm.c in Sources */,
				AB250EF31C5BA4830051EF90 /* main.c in Sources */,
				ABADA2AE1C5D912B005311CC /* BubbleSort.c in Sources */,
				ABB0118F1C5ED0E900F181E0 /* StirlingsApproximation.c in Sources */,
				ABED4E811C621BD100FEAE9D /* Stack.c in Sources */,
			);
			runOnlyForDeploymentPostprocessing = 0;
		};
/* End PBXSourcesBuildPhase section */

/* Begin XCBuildConfiguration section */
		AB250EF41C5BA4830051EF90 /* Debug */ = {
			isa = XCBuildConfiguration;
			buildSettings = {
				ALWAYS_SEARCH_USER_PATHS = NO;
				CLANG_CXX_LANGUAGE_STANDARD = "gnu++0x";
				CLANG_CXX_LIBRARY = "libc++";
				CLANG_ENABLE_MODULES = YES;
				CLANG_ENABLE_OBJC_ARC = YES;
				CLANG_WARN_BOOL_CONVERSION = YES;
				CLANG_WARN_CONSTANT_CONVERSION = YES;
				CLANG_WARN_DIRECT_OBJC_ISA_USAGE = YES_ERROR;
				CLANG_WARN_EMPTY_BODY = YES;
				CLANG_WARN_ENUM_CONVERSION = YES;
				CLANG_WARN_INT_CONVERSION = YES;
				CLANG_WARN_OBJC_ROOT_CLASS = YES_ERROR;
				CLANG_WARN_UNREACHABLE_CODE = YES;
				CLANG_WARN__DUPLICATE_METHOD_MATCH = YES;
				CODE_SIGN_IDENTITY = "-";
				COPY_PHASE_STRIP = NO;
				DEBUG_INFORMATION_FORMAT = dwarf;
				ENABLE_STRICT_OBJC_MSGSEND = YES;
				ENABLE_TESTABILITY = YES;
				GCC_C_LANGUAGE_STANDARD = gnu99;
				GCC_DYNAMIC_NO_PIC = NO;
				GCC_NO_COMMON_BLOCKS = YES;
				GCC_OPTIMIZATION_LEVEL = 0;
				GCC_PREPROCESSOR_DEFINITIONS = (
					"DEBUG=1",
					"$(inherited)",
				);
				GCC_WARN_64_TO_32_BIT_CONVERSION = YES;
				GCC_WARN_ABOUT_RETURN_TYPE = YES_ERROR;
				GCC_WARN_UNDECLARED_SELECTOR = YES;
				GCC_WARN_UNINITIALIZED_AUTOS = YES_AGGRESSIVE;
				GCC_WARN_UNUSED_FUNCTION = YES;
				GCC_WARN_UNUSED_VARIABLE = YES;
				MACOSX_DEPLOYMENT_TARGET = 10.11;
				MTL_ENABLE_DEBUG_INFO = YES;
				ONLY_ACTIVE_ARCH = YES;
				SDKROOT = macosx;
			};
			name = Debug;
		};
		AB250EF51C5BA4830051EF90 /* Release */ = {
			isa = XCBuildConfiguration;
			buildSettings = {
				ALWAYS_SEARCH_USER_PATHS = NO;
				CLANG_CXX_LANGUAGE_STANDARD = "gnu++0x";
				CLANG_CXX_LIBRARY = "libc++";
				CLANG_ENABLE_MODULES = YES;
				CLANG_ENABLE_OBJC_ARC = YES;
				CLANG_WARN_BOOL_CONVERSION = YES;
				CLANG_WARN_CONSTANT_CONVERSION = YES;
				CLANG_WARN_DIRECT_OBJC_ISA_USAGE = YES_ERROR;
				CLANG_WARN_EMPTY_BODY = YES;
				CLANG_WARN_ENUM_CONVERSION = YES;
				CLANG_WARN_INT_CONVERSION = YES;
				CLANG_WARN_OBJC_ROOT_CLASS = YES_ERROR;
				CLANG_WARN_UNREACHABLE_CODE = YES;
				CLANG_WARN__DUPLICATE_METHOD_MATCH = YES;
				CODE_SIGN_IDENTITY = "-";
				COPY_PHASE_STRIP = NO;
				DEBUG_INFORMATION_FORMAT = "dwarf-with-dsym";
				ENABLE_NS_ASSERTIONS = NO;
				ENABLE_STRICT_OBJC_MSGSEND = YES;
				GCC_C_LANGUAGE_STANDARD = gnu99;
				GCC_NO_COMMON_BLOCKS = YES;
				GCC_WARN_64_TO_32_BIT_CONVERSION = YES;
				GCC_WARN_ABOUT_RETURN_TYPE = YES_ERROR;
				GCC_WARN_UNDECLARED_SELECTOR = YES;
				GCC_WARN_UNINITIALIZED_AUTOS = YES_AGGRESSIVE;
				GCC_WARN_UNUSED_FUNCTION = YES;
				GCC_WARN_UNUSED_VARIABLE = YES;
				MACOSX_DEPLOYMENT_TARGET = 10.11;
				MTL_ENABLE_DEBUG_INFO = NO;
				SDKROOT = macosx;
			};
			name = Release;
		};
		AB250EF71C5BA4830051EF90 /* Debug */ = {
			isa = XCBuildConfiguration;
			buildSettings = {
				PRODUCT_NAME = "$(TARGET_NAME)";
			};
			name = Debug;
		};
		AB250EF81C5BA4830051EF90 /* Release */ = {
			isa = XCBuildConfiguration;
			buildSettings = {
				PRODUCT_NAME = "$(TARGET_NAME)";
			};
			name = Release;
		};
/* End XCBuildConfiguration section */

/* Begin XCConfigurationList section */
		AB250EEA1C5BA4830051EF90 /* Build configuration list for PBXProject "AlgorithmLibC" */ = {
			isa = XCConfigurationList;
			buildConfigurations = (
				AB250EF41C5BA4830051EF90 /* Debug */,
				AB250EF51C5BA4830051EF90 /* Release */,
			);
			defaultConfigurationIsVisible = 0;
			defaultConfigurationName = Release;
		};
		AB250EF61C5BA4830051EF90 /* Build configuration list for PBXNativeTarget "AlgorithmLibC" */ = {
			isa = XCConfigurationList;
			buildConfigurations = (
				AB250EF71C5BA4830051EF90 /* Debug */,
				AB250EF81C5BA4830051EF90 /* Release */,
			);
			defaultConfigurationIsVisible = 0;
			defaultConfigurationName = Release;
		};
/* End XCConfigurationList section */
	};
	rootObject = AB250EE71C5BA4830051EF90 /* Project object */;
}
